
Microsoft Visual Studio Solution File, Format Version 12.00
# Visual Studio 2012
Project("{FAE04EC0-301F-11D3-BF4B-00C04F79EFBC}") = "InterviewApp", "InterviewApp\InterviewApp.csproj", "{978AD37A-F5A0-4AE3-81CC-B8DBCBD59071}"
EndProject
Project("{FAE04EC0-301F-11D3-BF4B-00C04F79EFBC}") = "InterviewApp.Tests", "InterviewApp.Tests\InterviewApp.Tests.csproj", "{3C3EB33F-B064-423C-973D-D3DC7832E6B5}"
EndProject
Global
	GlobalSection(SolutionConfigurationPlatforms) = preSolution
		Debug|Any CPU = Debug|Any CPU
		Release|Any CPU = Release|Any CPU
	EndGlobalSection
	GlobalSection(ProjectConfigurationPlatforms) = postSolution
		{978AD37A-F5A0-4AE3-81CC-B8DBCBD59071}.Debug|Any CPU.ActiveCfg = Debug|Any CPU
		{978AD37A-F5A0-4AE3-81CC-B8DBCBD59071}.Debug|Any CPU.Build.0 = Debug|Any CPU
		{978AD37A-F5A0-4AE3-81CC-B8DBCBD59071}.Release|Any CPU.ActiveCfg = Release|Any CPU
		{978AD37A-F5A0-4AE3-81CC-B8DBCBD59071}.Release|Any CPU.Build.0 = Release|Any CPU
		{3C3EB33F-B064-423C-973D-D3DC7832E6B5}.Debug|Any CPU.ActiveCfg = Debug|Any CPU
		{3C3EB33F-B064-423C-973D-D3DC7832E6B5}.Debug|Any CPU.Build.0 = Debug|Any CPU
		{3C3EB33F-B064-423C-973D-D3DC7832E6B5}.Release|Any CPU.ActiveCfg = Release|Any CPU
		{3C3EB33F-B064-423C-973D-D3DC7832E6B5}.Release|Any CPU.Build.0 = Release|Any CPU
	EndGlobalSection
	GlobalSection(SolutionProperties) = preSolution
		HideSolutionNode = FALSE
	EndGlobalSection
EndGlobal
